
Microsoft Visual Studio Solution File, Format Version 12.00
# Visual Studio 2012
Project("{FAE04EC0-301F-11D3-BF4B-00C04F79EFBC}") = "LeadDistribution.ServiceLibrary", "LeadDistribution.ServiceLibrary\LeadDistribution.ServiceLibrary.csproj", "{15B3E0D2-6217-493A-A690-158C497F5318}"
EndProject
Project("{FAE04EC0-301F-11D3-BF4B-00C04F79EFBC}") = "LeadDistribution.DTO", "LeadDistribution.Entity\LeadDistribution.DTO.csproj", "{F3198F0F-B335-4581-BBF7-BE81D75F6B8E}"
EndProject
Project("{FAE04EC0-301F-11D3-BF4B-00C04F79EFBC}") = "LeadDistribution.Data", "LeadDistribution.Data\LeadDistribution.Data.csproj", "{D54E8C0C-A1AC-4071-B3BB-AE78243045CD}"
EndProject
Project("{FAE04EC0-301F-11D3-BF4B-00C04F79EFBC}") = "LeadDistribution.Shared", "LeadDistribution.Shared\LeadDistribution.Shared.csproj", "{4C5B3BBF-2C02-4EB0-9680-BF0F9EAC6294}"
EndProject
Project("{FAE04EC0-301F-11D3-BF4B-00C04F79EFBC}") = "LeadDistribution.ServiceLibrary.Test", "LeadDistribution.ServiceLibrary.Test\LeadDistribution.ServiceLibrary.Test.csproj", "{119A15F7-2A35-415C-8698-852270688915}"
EndProject
Project("{FAE04EC0-301F-11D3-BF4B-00C04F79EFBC}") = "LeadDistribution.Shared.Test", "LeadDistribution.Shared.Test\LeadDistribution.Shared.Test.csproj", "{8BC89B74-5BD8-42C0-8720-9EE7CB8379D1}"
EndProject
Project("{2150E333-8FDC-42A3-9474-1A3956D46DE8}") = "Documents", "Documents", "{4E7BE01B-98C5-41F1-9806-B25E85791406}"
	ProjectSection(SolutionItems) = preProject
		Documents\LeadDistribution.docx = Documents\LeadDistribution.docx
	EndProjectSection
EndProject
Global
	GlobalSection(SolutionConfigurationPlatforms) = preSolution
		Debug|Any CPU = Debug|Any CPU
		Release|Any CPU = Release|Any CPU
	EndGlobalSection
	GlobalSection(ProjectConfigurationPlatforms) = postSolution
		{15B3E0D2-6217-493A-A690-158C497F5318}.Debug|Any CPU.ActiveCfg = Debug|Any CPU
		{15B3E0D2-6217-493A-A690-158C497F5318}.Debug|Any CPU.Build.0 = Debug|Any CPU
		{15B3E0D2-6217-493A-A690-158C497F5318}.Release|Any CPU.ActiveCfg = Release|Any CPU
		{15B3E0D2-6217-493A-A690-158C497F5318}.Release|Any CPU.Build.0 = Release|Any CPU
		{F3198F0F-B335-4581-BBF7-BE81D75F6B8E}.Debug|Any CPU.ActiveCfg = Debug|Any CPU
		{F3198F0F-B335-4581-BBF7-BE81D75F6B8E}.Debug|Any CPU.Build.0 = Debug|Any CPU
		{F3198F0F-B335-4581-BBF7-BE81D75F6B8E}.Release|Any CPU.ActiveCfg = Release|Any CPU
		{F3198F0F-B335-4581-BBF7-BE81D75F6B8E}.Release|Any CPU.Build.0 = Release|Any CPU
		{D54E8C0C-A1AC-4071-B3BB-AE78243045CD}.Debug|Any CPU.ActiveCfg = Debug|Any CPU
		{D54E8C0C-A1AC-4071-B3BB-AE78243045CD}.Debug|Any CPU.Build.0 = Debug|Any CPU
		{D54E8C0C-A1AC-4071-B3BB-AE78243045CD}.Release|Any CPU.ActiveCfg = Release|Any CPU
		{D54E8C0C-A1AC-4071-B3BB-AE78243045CD}.Release|Any CPU.Build.0 = Release|Any CPU
		{4C5B3BBF-2C02-4EB0-9680-BF0F9EAC6294}.Debug|Any CPU.ActiveCfg = Debug|Any CPU
		{4C5B3BBF-2C02-4EB0-9680-BF0F9EAC6294}.Debug|Any CPU.Build.0 = Debug|Any CPU
		{4C5B3BBF-2C02-4EB0-9680-BF0F9EAC6294}.Release|Any CPU.ActiveCfg = Release|Any CPU
		{4C5B3BBF-2C02-4EB0-9680-BF0F9EAC6294}.Release|Any CPU.Build.0 = Release|Any CPU
		{119A15F7-2A35-415C-8698-852270688915}.Debug|Any CPU.ActiveCfg = Debug|Any CPU
		{119A15F7-2A35-415C-8698-852270688915}.Debug|Any CPU.Build.0 = Debug|Any CPU
		{119A15F7-2A35-415C-8698-852270688915}.Release|Any CPU.ActiveCfg = Release|Any CPU
		{119A15F7-2A35-415C-8698-852270688915}.Release|Any CPU.Build.0 = Release|Any CPU
		{8BC89B74-5BD8-42C0-8720-9EE7CB8379D1}.Debug|Any CPU.ActiveCfg = Debug|Any CPU
		{8BC89B74-5BD8-42C0-8720-9EE7CB8379D1}.Debug|Any CPU.Build.0 = Debug|Any CPU
		{8BC89B74-5BD8-42C0-8720-9EE7CB8379D1}.Release|Any CPU.ActiveCfg = Release|Any CPU
		{8BC89B74-5BD8-42C0-8720-9EE7CB8379D1}.Release|Any CPU.Build.0 = Release|Any CPU
	EndGlobalSection
	GlobalSection(SolutionProperties) = preSolution
		HideSolutionNode = FALSE
	EndGlobalSection
EndGlobal
